
Microsoft Visual Studio Solution File, Format Version 12.00
# Visual Studio Version 17
VisualStudioVersion = 17.14.36623.8 d17.14
MinimumVisualStudioVersion = 10.0.40219.1
Project("{FAE04EC0-301F-11D3-BF4B-00C04F79EFBC}") = "F25Week9DbFirstApproach", "F25Week9DbFirstApproach\F25Week9DbFirstApproach.csproj", "{70E41C47-C1F5-4986-88B4-18D423B34C01}"
EndProject
Global
	GlobalSection(SolutionConfigurationPlatforms) = preSolution
		Debug|Any CPU = Debug|Any CPU
		Release|Any CPU = Release|Any CPU
	EndGlobalSection
	GlobalSection(ProjectConfigurationPlatforms) = postSolution
		{70E41C47-C1F5-4986-88B4-18D423B34C01}.Debug|Any CPU.ActiveCfg = Debug|Any CPU
		{70E41C47-C1F5-4986-88B4-18D423B34C01}.Debug|Any CPU.Build.0 = Debug|Any CPU
		{70E41C47-C1F5-4986-88B4-18D423B34C01}.Release|Any CPU.ActiveCfg = Release|Any CPU
		{70E41C47-C1F5-4986-88B4-18D423B34C01}.Release|Any CPU.Build.0 = Release|Any CPU
	EndGlobalSection
	GlobalSection(SolutionProperties) = preSolution
		HideSolutionNode = FALSE
	EndGlobalSection
	GlobalSection(ExtensibilityGlobals) = postSolution
		SolutionGuid = {25838297-39F3-4D83-839A-6E6B0EB9E361}
	EndGlobalSection
EndGlobal
